// !$*UTF8*$!
{
	archiveVersion = 1;
	classes = {
	};
	objectVersion = 55;
	objects = {

/* Begin PBXBuildFile section */
		BC55448628C682E100F5263A /* TheTotalView.swift in Sources */ = {isa = PBXBuildFile; fileRef = BC55448528C682E100F5263A /* TheTotalView.swift */; };
		BC55448828C6846D00F5263A /* PurposeView.swift in Sources */ = {isa = PBXBuildFile; fileRef = BC55448728C6846D00F5263A /* PurposeView.swift */; };
		BC55448A28C90A6800F5263A /* ListBackground.swift in Sources */ = {isa = PBXBuildFile; fileRef = BC55448928C90A6800F5263A /* ListBackground.swift */; };
		BC55448C28C91D7600F5263A /* TheWishlistView.swift in Sources */ = {isa = PBXBuildFile; fileRef = BC55448B28C91D7600F5263A /* TheWishlistView.swift */; };
		BC935CD428C3A40600602F8B /* BudgetITApp.swift in Sources */ = {isa = PBXBuildFile; fileRef = BC935CD328C3A40600602F8B /* BudgetITApp.swift */; };
		BC935CD628C3A40600602F8B /* ContentView.swift in Sources */ = {isa = PBXBuildFile; fileRef = BC935CD528C3A40600602F8B /* ContentView.swift */; };
		BC935CD828C3A40900602F8B /* Assets.xcassets in Resources */ = {isa = PBXBuildFile; fileRef = BC935CD728C3A40900602F8B /* Assets.xcassets */; };
		BC935CDB28C3A40900602F8B /* Preview Assets.xcassets in Resources */ = {isa = PBXBuildFile; fileRef = BC935CDA28C3A40900602F8B /* Preview Assets.xcassets */; };
		BCC2EC2528C4D3810015BDBC /* SelectView.swift in Sources */ = {isa = PBXBuildFile; fileRef = BCC2EC2428C4D3810015BDBC /* SelectView.swift */; };
		BCC2EC2728C5390C0015BDBC /* RowView.swift in Sources */ = {isa = PBXBuildFile; fileRef = BCC2EC2628C5390C0015BDBC /* RowView.swift */; };
		BCC2EC2928C53A580015BDBC /* SelectModel.swift in Sources */ = {isa = PBXBuildFile; fileRef = BCC2EC2828C53A580015BDBC /* SelectModel.swift */; };
		BCC2EC2B28C5F1A80015BDBC /* SelectInfo.swift in Sources */ = {isa = PBXBuildFile; fileRef = BCC2EC2A28C5F1A80015BDBC /* SelectInfo.swift */; };
/* End PBXBuildFile section */

/* Begin PBXFileReference section */
		BC55448528C682E100F5263A /* TheTotalView.swift */ = {isa = PBXFileReference; lastKnownFileType = sourcecode.swift; path = TheTotalView.swift; sourceTree = "<group>"; };
		BC55448728C6846D00F5263A /* PurposeView.swift */ = {isa = PBXFileReference; lastKnownFileType = sourcecode.swift; path = PurposeView.swift; sourceTree = "<group>"; };
		BC55448928C90A6800F5263A /* ListBackground.swift */ = {isa = PBXFileReference; lastKnownFileType = sourcecode.swift; path = ListBackground.swift; sourceTree = "<group>"; };
		BC55448B28C91D7600F5263A /* TheWishlistView.swift */ = {isa = PBXFileReference; lastKnownFileType = sourcecode.swift; path = TheWishlistView.swift; sourceTree = "<group>"; };
		BC935CD028C3A40600602F8B /* BudgetIT.app */ = {isa = PBXFileReference; explicitFileType = wrapper.application; includeInIndex = 0; path = BudgetIT.app; sourceTree = BUILT_PRODUCTS_DIR; };
		BC935CD328C3A40600602F8B /* BudgetITApp.swift */ = {isa = PBXFileReference; lastKnownFileType = sourcecode.swift; path = BudgetITApp.swift; sourceTree = "<group>"; };
		BC935CD528C3A40600602F8B /* ContentView.swift */ = {isa = PBXFileReference; lastKnownFileType = sourcecode.swift; path = ContentView.swift; sourceTree = "<group>"; };
		BC935CD728C3A40900602F8B /* Assets.xcassets */ = {isa = PBXFileReference; lastKnownFileType = folder.assetcatalog; path = Assets.xcassets; sourceTree = "<group>"; };
		BC935CDA28C3A40900602F8B /* Preview Assets.xcassets */ = {isa = PBXFileReference; lastKnownFileType = folder.assetcatalog; path = "Preview Assets.xcassets"; sourceTree = "<group>"; };
		BCC2EC2428C4D3810015BDBC /* SelectView.swift */ = {isa = PBXFileReference; lastKnownFileType = sourcecode.swift; path = SelectView.swift; sourceTree = "<group>"; };
		BCC2EC2628C5390C0015BDBC /* RowView.swift */ = {isa = PBXFileReference; lastKnownFileType = sourcecode.swift; path = RowView.swift; sourceTree = "<group>"; };
		BCC2EC2828C53A580015BDBC /* SelectModel.swift */ = {isa = PBXFileReference; lastKnownFileType = sourcecode.swift; path = SelectModel.swift; sourceTree = "<group>"; };
		BCC2EC2A28C5F1A80015BDBC /* SelectInfo.swift */ = {isa = PBXFileReference; lastKnownFileType = sourcecode.swift; path = SelectInfo.swift; sourceTree = "<group>"; };
/* End PBXFileReference section */

/* Begin PBXFrameworksBuildPhase section */
		BC935CCD28C3A40600602F8B /* Frameworks */ = {
			isa = PBXFrameworksBuildPhase;
			buildActionMask = 2147483647;
			files = (
			);
			runOnlyForDeploymentPostprocessing = 0;
		};
/* End PBXFrameworksBuildPhase section */

/* Begin PBXGroup section */
		BC935CC728C3A40600602F8B = {
			isa = PBXGroup;
			children = (
				BC935CD228C3A40600602F8B /* BudgetIT */,
				BC935CD128C3A40600602F8B /* Products */,
			);
			sourceTree = "<group>";
		};
		BC935CD128C3A40600602F8B /* Products */ = {
			isa = PBXGroup;
			children = (
				BC935CD028C3A40600602F8B /* BudgetIT.app */,
			);
			name = Products;
			sourceTree = "<group>";
		};
		BC935CD228C3A40600602F8B /* BudgetIT */ = {
			isa = PBXGroup;
			children = (
				BC935CD328C3A40600602F8B /* BudgetITApp.swift */,
				BC935CD528C3A40600602F8B /* ContentView.swift */,
				BCC2EC2428C4D3810015BDBC /* SelectView.swift */,
				BC55448928C90A6800F5263A /* ListBackground.swift */,
				BC55448528C682E100F5263A /* TheTotalView.swift */,
				BC55448B28C91D7600F5263A /* TheWishlistView.swift */,
				BCC2EC2A28C5F1A80015BDBC /* SelectInfo.swift */,
				BC935CD728C3A40900602F8B /* Assets.xcassets */,
				BC935CD928C3A40900602F8B /* Preview Content */,
			);
			path = BudgetIT;
			sourceTree = "<group>";
		};
		BC935CD928C3A40900602F8B /* Preview Content */ = {
			isa = PBXGroup;
			children = (
				BCC2EC2828C53A580015BDBC /* SelectModel.swift */,
				BCC2EC2628C5390C0015BDBC /* RowView.swift */,
				BC55448728C6846D00F5263A /* PurposeView.swift */,
				BC935CDA28C3A40900602F8B /* Preview Assets.xcassets */,
			);
			path = "Preview Content";
			sourceTree = "<group>";
		};
/* End PBXGroup section */

/* Begin PBXNativeTarget section */
		BC935CCF28C3A40600602F8B /* BudgetIT */ = {
			isa = PBXNativeTarget;
			buildConfigurationList = BC935CDE28C3A40900602F8B /* Build configuration list for PBXNativeTarget "BudgetIT" */;
			buildPhases = (
				BC935CCC28C3A40600602F8B /* Sources */,
				BC935CCD28C3A40600602F8B /* Frameworks */,
				BC935CCE28C3A40600602F8B /* Resources */,
			);
			buildRules = (
			);
			dependencies = (
			);
			name = BudgetIT;
			productName = BudgetIT;
			productReference = BC935CD028C3A40600602F8B /* BudgetIT.app */;
			productType = "com.apple.product-type.application";
		};
/* End PBXNativeTarget section */

/* Begin PBXProject section */
		BC935CC828C3A40600602F8B /* Project object */ = {
			isa = PBXProject;
			attributes = {
				BuildIndependentTargetsInParallel = 1;
				LastSwiftUpdateCheck = 1340;
				LastUpgradeCheck = 1340;
				TargetAttributes = {
					BC935CCF28C3A40600602F8B = {
						CreatedOnToolsVersion = 13.4.1;
					};
				};
			};
			buildConfigurationList = BC935CCB28C3A40600602F8B /* Build configuration list for PBXProject "BudgetIT" */;
			compatibilityVersion = "Xcode 13.0";
			developmentRegion = en;
			hasScannedForEncodings = 0;
			knownRegions = (
				en,
				Base,
			);
			mainGroup = BC935CC728C3A40600602F8B;
			productRefGroup = BC935CD128C3A40600602F8B /* Products */;
			projectDirPath = "";
			projectRoot = "";
			targets = (
				BC935CCF28C3A40600602F8B /* BudgetIT */,
			);
		};
/* End PBXProject section */

/* Begin PBXResourcesBuildPhase section */
		BC935CCE28C3A40600602F8B /* Resources */ = {
			isa = PBXResourcesBuildPhase;
			buildActionMask = 2147483647;
			files = (
				BC935CDB28C3A40900602F8B /* Preview Assets.xcassets in Resources */,
				BC935CD828C3A40900602F8B /* Assets.xcassets in Resources */,
			);
			runOnlyForDeploymentPostprocessing = 0;
		};
/* End PBXResourcesBuildPhase section */

/* Begin PBXSourcesBuildPhase section */
		BC935CCC28C3A40600602F8B /* Sources */ = {
			isa = PBXSourcesBuildPhase;
			buildActionMask = 2147483647;
			files = (
				BC935CD628C3A40600602F8B /* ContentView.swift in Sources */,
				BC55448C28C91D7600F5263A /* TheWishlistView.swift in Sources */,
				BCC2EC2B28C5F1A80015BDBC /* SelectInfo.swift in Sources */,
				BCC2EC2928C53A580015BDBC /* SelectModel.swift in Sources */,
				BC935CD428C3A40600602F8B /* BudgetITApp.swift in Sources */,
				BC55448628C682E100F5263A /* TheTotalView.swift in Sources */,
				BC55448828C6846D00F5263A /* PurposeView.swift in Sources */,
				BC55448A28C90A6800F5263A /* ListBackground.swift in Sources */,
				BCC2EC2528C4D3810015BDBC /* SelectView.swift in Sources */,
				BCC2EC2728C5390C0015BDBC /* RowView.swift in Sources */,
			);
			runOnlyForDeploymentPostprocessing = 0;
		};
/* End PBXSourcesBuildPhase section */

/* Begin XCBuildConfiguration section */
		BC935CDC28C3A40900602F8B /* Debug */ = {
			isa = XCBuildConfiguration;
			buildSettings = {
				ALWAYS_SEARCH_USER_PATHS = NO;
				CLANG_ANALYZER_NONNULL = YES;
				CLANG_ANALYZER_NUMBER_OBJECT_CONVERSION = YES_AGGRESSIVE;
				CLANG_CXX_LANGUAGE_STANDARD = "gnu++17";
				CLANG_ENABLE_MODULES = YES;
				CLANG_ENABLE_OBJC_ARC = YES;
				CLANG_ENABLE_OBJC_WEAK = YES;
				CLANG_WARN_BLOCK_CAPTURE_AUTORELEASING = YES;
				CLANG_WARN_BOOL_CONVERSION = YES;
				CLANG_WARN_COMMA = YES;
				CLANG_WARN_CONSTANT_CONVERSION = YES;
				CLANG_WARN_DEPRECATED_OBJC_IMPLEMENTATIONS = YES;
				CLANG_WARN_DIRECT_OBJC_ISA_USAGE = YES_ERROR;
				CLANG_WARN_DOCUMENTATION_COMMENTS = YES;
				CLANG_WARN_EMPTY_BODY = YES;
				CLANG_WARN_ENUM_CONVERSION = YES;
				CLANG_WARN_INFINITE_RECURSION = YES;
				CLANG_WARN_INT_CONVERSION = YES;
				CLANG_WARN_NON_LITERAL_NULL_CONVERSION = YES;
				CLANG_WARN_OBJC_IMPLICIT_RETAIN_SELF = YES;
				CLANG_WARN_OBJC_LITERAL_CONVERSION = YES;
				CLANG_WARN_OBJC_ROOT_CLASS = YES_ERROR;
				CLANG_WARN_QUOTED_INCLUDE_IN_FRAMEWORK_HEADER = YES;
				CLANG_WARN_RANGE_LOOP_ANALYSIS = YES;
				CLANG_WARN_STRICT_PROTOTYPES = YES;
				CLANG_WARN_SUSPICIOUS_MOVE = YES;
				CLANG_WARN_UNGUARDED_AVAILABILITY = YES_AGGRESSIVE;
				CLANG_WARN_UNREACHABLE_CODE = YES;
				CLANG_WARN__DUPLICATE_METHOD_MATCH = YES;
				COPY_PHASE_STRIP = NO;
				DEBUG_INFORMATION_FORMAT = dwarf;
				ENABLE_STRICT_OBJC_MSGSEND = YES;
				ENABLE_TESTABILITY = YES;
				GCC_C_LANGUAGE_STANDARD = gnu11;
				GCC_DYNAMIC_NO_PIC = NO;
				GCC_NO_COMMON_BLOCKS = YES;
				GCC_OPTIMIZATION_LEVEL = 0;
				GCC_PREPROCESSOR_DEFINITIONS = (
					"DEBUG=1",
					"$(inherited)",
				);
				GCC_WARN_64_TO_32_BIT_CONVERSION = YES;
				GCC_WARN_ABOUT_RETURN_TYPE = YES_ERROR;
				GCC_WARN_UNDECLARED_SELECTOR = YES;
				GCC_WARN_UNINITIALIZED_AUTOS = YES_AGGRESSIVE;
				GCC_WARN_UNUSED_FUNCTION = YES;
				GCC_WARN_UNUSED_VARIABLE = YES;
				IPHONEOS_DEPLOYMENT_TARGET = 15.5;
				MTL_ENABLE_DEBUG_INFO = INCLUDE_SOURCE;
				MTL_FAST_MATH = YES;
				ONLY_ACTIVE_ARCH = YES;
				SDKROOT = iphoneos;
				SWIFT_ACTIVE_COMPILATION_CONDITIONS = DEBUG;
				SWIFT_OPTIMIZATION_LEVEL = "-Onone";
			};
			name = Debug;
		};
		BC935CDD28C3A40900602F8B /* Release */ = {
			isa = XCBuildConfiguration;
			buildSettings = {
				ALWAYS_SEARCH_USER_PATHS = NO;
				CLANG_ANALYZER_NONNULL = YES;
				CLANG_ANALYZER_NUMBER_OBJECT_CONVERSION = YES_AGGRESSIVE;
				CLANG_CXX_LANGUAGE_STANDARD = "gnu++17";
				CLANG_ENABLE_MODULES = YES;
				CLANG_ENABLE_OBJC_ARC = YES;
				CLANG_ENABLE_OBJC_WEAK = YES;
				CLANG_WARN_BLOCK_CAPTURE_AUTORELEASING = YES;
				CLANG_WARN_BOOL_CONVERSION = YES;
				CLANG_WARN_COMMA = YES;
				CLANG_WARN_CONSTANT_CONVERSION = YES;
				CLANG_WARN_DEPRECATED_OBJC_IMPLEMENTATIONS = YES;
				CLANG_WARN_DIRECT_OBJC_ISA_USAGE = YES_ERROR;
				CLANG_WARN_DOCUMENTATION_COMMENTS = YES;
				CLANG_WARN_EMPTY_BODY = YES;
				CLANG_WARN_ENUM_CONVERSION = YES;
				CLANG_WARN_INFINITE_RECURSION = YES;
				CLANG_WARN_INT_CONVERSION = YES;
				CLANG_WARN_NON_LITERAL_NULL_CONVERSION = YES;
				CLANG_WARN_OBJC_IMPLICIT_RETAIN_SELF = YES;
				CLANG_WARN_OBJC_LITERAL_CONVERSION = YES;
				CLANG_WARN_OBJC_ROOT_CLASS = YES_ERROR;
				CLANG_WARN_QUOTED_INCLUDE_IN_FRAMEWORK_HEADER = YES;
				CLANG_WARN_RANGE_LOOP_ANALYSIS = YES;
				CLANG_WARN_STRICT_PROTOTYPES = YES;
				CLANG_WARN_SUSPICIOUS_MOVE = YES;
				CLANG_WARN_UNGUARDED_AVAILABILITY = YES_AGGRESSIVE;
				CLANG_WARN_UNREACHABLE_CODE = YES;
				CLANG_WARN__DUPLICATE_METHOD_MATCH = YES;
				COPY_PHASE_STRIP = NO;
				DEBUG_INFORMATION_FORMAT = "dwarf-with-dsym";
				ENABLE_NS_ASSERTIONS = NO;
				ENABLE_STRICT_OBJC_MSGSEND = YES;
				GCC_C_LANGUAGE_STANDARD = gnu11;
				GCC_NO_COMMON_BLOCKS = YES;
				GCC_WARN_64_TO_32_BIT_CONVERSION = YES;
				GCC_WARN_ABOUT_RETURN_TYPE = YES_ERROR;
				GCC_WARN_UNDECLARED_SELECTOR = YES;
				GCC_WARN_UNINITIALIZED_AUTOS = YES_AGGRESSIVE;
				GCC_WARN_UNUSED_FUNCTION = YES;
				GCC_WARN_UNUSED_VARIABLE = YES;
				IPHONEOS_DEPLOYMENT_TARGET = 15.5;
				MTL_ENABLE_DEBUG_INFO = NO;
				MTL_FAST_MATH = YES;
				SDKROOT = iphoneos;
				SWIFT_COMPILATION_MODE = wholemodule;
				SWIFT_OPTIMIZATION_LEVEL = "-O";
				VALIDATE_PRODUCT = YES;
			};
			name = Release;
		};
		BC935CDF28C3A40900602F8B /* Debug */ = {
			isa = XCBuildConfiguration;
			buildSettings = {
				ASSETCATALOG_COMPILER_APPICON_NAME = AppIcon;
				ASSETCATALOG_COMPILER_GLOBAL_ACCENT_COLOR_NAME = AccentColor;
				CODE_SIGN_STYLE = Automatic;
				CURRENT_PROJECT_VERSION = 1;
				DEVELOPMENT_ASSET_PATHS = "\"BudgetIT/Preview Content\"";
				ENABLE_PREVIEWS = YES;
				GENERATE_INFOPLIST_FILE = YES;
				INFOPLIST_KEY_UIApplicationSceneManifest_Generation = YES;
				INFOPLIST_KEY_UIApplicationSupportsIndirectInputEvents = YES;
				INFOPLIST_KEY_UILaunchScreen_Generation = YES;
				INFOPLIST_KEY_UISupportedInterfaceOrientations_iPad = "UIInterfaceOrientationPortrait UIInterfaceOrientationPortraitUpsideDown UIInterfaceOrientationLandscapeLeft UIInterfaceOrientationLandscapeRight";
				INFOPLIST_KEY_UISupportedInterfaceOrientations_iPhone = "UIInterfaceOrientationPortrait UIInterfaceOrientationLandscapeLeft UIInterfaceOrientationLandscapeRight";
				LD_RUNPATH_SEARCH_PATHS = (
					"$(inherited)",
					"@executable_path/Frameworks",
				);
				MARKETING_VERSION = 1.0;
				PRODUCT_BUNDLE_IDENTIFIER = Nddakhil1.BudgetIT;
				PRODUCT_NAME = "$(TARGET_NAME)";
				SWIFT_EMIT_LOC_STRINGS = YES;
				SWIFT_VERSION = 5.0;
				TARGETED_DEVICE_FAMILY = "1,2";
			};
			name = Debug;
		};
		BC935CE028C3A40900602F8B /* Release */ = {
			isa = XCBuildConfiguration;
			buildSettings = {
				ASSETCATALOG_COMPILER_APPICON_NAME = AppIcon;
				ASSETCATALOG_COMPILER_GLOBAL_ACCENT_COLOR_NAME = AccentColor;
				CODE_SIGN_STYLE = Automatic;
				CURRENT_PROJECT_VERSION = 1;
				DEVELOPMENT_ASSET_PATHS = "\"BudgetIT/Preview Content\"";
				ENABLE_PREVIEWS = YES;
				GENERATE_INFOPLIST_FILE = YES;
				INFOPLIST_KEY_UIApplicationSceneManifest_Generation = YES;
				INFOPLIST_KEY_UIApplicationSupportsIndirectInputEvents = YES;
				INFOPLIST_KEY_UILaunchScreen_Generation = YES;
				INFOPLIST_KEY_UISupportedInterfaceOrientations_iPad = "UIInterfaceOrientationPortrait UIInterfaceOrientationPortraitUpsideDown UIInterfaceOrientationLandscapeLeft UIInterfaceOrientationLandscapeRight";
				INFOPLIST_KEY_UISupportedInterfaceOrientations_iPhone = "UIInterfaceOrientationPortrait UIInterfaceOrientationLandscapeLeft UIInterfaceOrientationLandscapeRight";
				LD_RUNPATH_SEARCH_PATHS = (
					"$(inherited)",
					"@executable_path/Frameworks",
				);
				MARKETING_VERSION = 1.0;
				PRODUCT_BUNDLE_IDENTIFIER = Nddakhil1.BudgetIT;
				PRODUCT_NAME = "$(TARGET_NAME)";
				SWIFT_EMIT_LOC_STRINGS = YES;
				SWIFT_VERSION = 5.0;
				TARGETED_DEVICE_FAMILY = "1,2";
			};
			name = Release;
		};
/* End XCBuildConfiguration section */

/* Begin XCConfigurationList section */
		BC935CCB28C3A40600602F8B /* Build configuration list for PBXProject "BudgetIT" */ = {
			isa = XCConfigurationList;
			buildConfigurations = (
				BC935CDC28C3A40900602F8B /* Debug */,
				BC935CDD28C3A40900602F8B /* Release */,
			);
			defaultConfigurationIsVisible = 0;
			defaultConfigurationName = Release;
		};
		BC935CDE28C3A40900602F8B /* Build configuration list for PBXNativeTarget "BudgetIT" */ = {
			isa = XCConfigurationList;
			buildConfigurations = (
				BC935CDF28C3A40900602F8B /* Debug */,
				BC935CE028C3A40900602F8B /* Release */,
			);
			defaultConfigurationIsVisible = 0;
			defaultConfigurationName = Release;
		};
/* End XCConfigurationList section */
	};
	rootObject = BC935CC828C3A40600602F8B /* Project object */;
}
